// !$*UTF8*$!
{
	archiveVersion = 1;
	classes = {
	};
	objectVersion = 46;
	objects = {

/* Begin PBXBuildFile section */
		200D0E871B550E6F00C0C276 /* Simulation.swift in Sources */ = {isa = PBXBuildFile; fileRef = 200D0E861B550E6F00C0C276 /* Simulation.swift */; };
		20473FC81B4BF385000091AC /* Jellyfish.h in Headers */ = {isa = PBXBuildFile; fileRef = 20473FC71B4BF385000091AC /* Jellyfish.h */; settings = {ATTRIBUTES = (Public, ); }; };
		20473FCE1B4BF385000091AC /* Jellyfish.framework in Frameworks */ = {isa = PBXBuildFile; fileRef = 20473FC21B4BF385000091AC /* Jellyfish.framework */; };
		20473FD51B4BF385000091AC /* JellyfishTests.swift in Sources */ = {isa = PBXBuildFile; fileRef = 20473FD41B4BF385000091AC /* JellyfishTests.swift */; };
		20473FE11B4BF3FE000091AC /* Fenotype.swift in Sources */ = {isa = PBXBuildFile; fileRef = 20473FE01B4BF3FE000091AC /* Fenotype.swift */; };
		20473FE21B4BF41D000091AC /* Fenotype.swift in Headers */ = {isa = PBXBuildFile; fileRef = 20473FE01B4BF3FE000091AC /* Fenotype.swift */; settings = {ATTRIBUTES = (Public, ); }; };
		2081D4A61B551A0E0081627D /* Simulation.swift in Headers */ = {isa = PBXBuildFile; fileRef = 200D0E861B550E6F00C0C276 /* Simulation.swift */; settings = {ATTRIBUTES = (Public, ); }; };
		2081D4A81B551CA20081627D /* Genotype.swift in Sources */ = {isa = PBXBuildFile; fileRef = 2081D4A71B551CA20081627D /* Genotype.swift */; };
		2081D4AA1B55220C0081627D /* FitnessFunction.swift in Sources */ = {isa = PBXBuildFile; fileRef = 2081D4A91B55220C0081627D /* FitnessFunction.swift */; };
		20CCA0DF1B6B79CE009BEC3A /* SelectionMethod.swift in Sources */ = {isa = PBXBuildFile; fileRef = 20CCA0DE1B6B79CE009BEC3A /* SelectionMethod.swift */; };
		20CCA0E11B6B7AE0009BEC3A /* RouletteSelectionMethod.swift in Sources */ = {isa = PBXBuildFile; fileRef = 20CCA0E01B6B7AE0009BEC3A /* RouletteSelectionMethod.swift */; };
		20FA19411B56900C007BECD8 /* BitGenotype.swift in Sources */ = {isa = PBXBuildFile; fileRef = 20FA19401B56900C007BECD8 /* BitGenotype.swift */; };
		20FA19421B5695BA007BECD8 /* Genotype.swift in Headers */ = {isa = PBXBuildFile; fileRef = 2081D4A71B551CA20081627D /* Genotype.swift */; settings = {ATTRIBUTES = (Public, ); }; };
		20FA19431B5695BE007BECD8 /* BitGenotype.swift in Headers */ = {isa = PBXBuildFile; fileRef = 20FA19401B56900C007BECD8 /* BitGenotype.swift */; settings = {ATTRIBUTES = (Public, ); }; };
		20FA19441B5695C9007BECD8 /* FitnessFunction.swift in Headers */ = {isa = PBXBuildFile; fileRef = 2081D4A91B55220C0081627D /* FitnessFunction.swift */; settings = {ATTRIBUTES = (Public, ); }; };
/* End PBXBuildFile section */

/* Begin PBXContainerItemProxy section */
		20473FCF1B4BF385000091AC /* PBXContainerItemProxy */ = {
			isa = PBXContainerItemProxy;
			containerPortal = 20473FB91B4BF385000091AC /* Project object */;
			proxyType = 1;
			remoteGlobalIDString = 20473FC11B4BF385000091AC;
			remoteInfo = Jellyfish;
		};
/* End PBXContainerItemProxy section */

/* Begin PBXFileReference section */
		200D0E861B550E6F00C0C276 /* Simulation.swift */ = {isa = PBXFileReference; fileEncoding = 4; lastKnownFileType = sourcecode.swift; path = Simulation.swift; sourceTree = "<group>"; };
		20473FC21B4BF385000091AC /* Jellyfish.framework */ = {isa = PBXFileReference; explicitFileType = wrapper.framework; includeInIndex = 0; path = Jellyfish.framework; sourceTree = BUILT_PRODUCTS_DIR; };
		20473FC61B4BF385000091AC /* Info.plist */ = {isa = PBXFileReference; lastKnownFileType = text.plist.xml; path = Info.plist; sourceTree = "<group>"; };
		20473FC71B4BF385000091AC /* Jellyfish.h */ = {isa = PBXFileReference; lastKnownFileType = sourcecode.c.h; path = Jellyfish.h; sourceTree = "<group>"; };
		20473FCD1B4BF385000091AC /* JellyfishTests.xctest */ = {isa = PBXFileReference; explicitFileType = wrapper.cfbundle; includeInIndex = 0; path = JellyfishTests.xctest; sourceTree = BUILT_PRODUCTS_DIR; };
		20473FD31B4BF385000091AC /* Info.plist */ = {isa = PBXFileReference; lastKnownFileType = text.plist.xml; path = Info.plist; sourceTree = "<group>"; };
		20473FD41B4BF385000091AC /* JellyfishTests.swift */ = {isa = PBXFileReference; lastKnownFileType = sourcecode.swift; path = JellyfishTests.swift; sourceTree = "<group>"; };
		20473FE01B4BF3FE000091AC /* Fenotype.swift */ = {isa = PBXFileReference; fileEncoding = 4; lastKnownFileType = sourcecode.swift; path = Fenotype.swift; sourceTree = "<group>"; };
		2081D4A71B551CA20081627D /* Genotype.swift */ = {isa = PBXFileReference; fileEncoding = 4; lastKnownFileType = sourcecode.swift; path = Genotype.swift; sourceTree = "<group>"; };
		2081D4A91B55220C0081627D /* FitnessFunction.swift */ = {isa = PBXFileReference; fileEncoding = 4; lastKnownFileType = sourcecode.swift; path = FitnessFunction.swift; sourceTree = "<group>"; };
		20CCA0DE1B6B79CE009BEC3A /* SelectionMethod.swift */ = {isa = PBXFileReference; fileEncoding = 4; lastKnownFileType = sourcecode.swift; path = SelectionMethod.swift; sourceTree = "<group>"; };
		20CCA0E01B6B7AE0009BEC3A /* RouletteSelectionMethod.swift */ = {isa = PBXFileReference; fileEncoding = 4; lastKnownFileType = sourcecode.swift; path = RouletteSelectionMethod.swift; sourceTree = "<group>"; };
		20FA19401B56900C007BECD8 /* BitGenotype.swift */ = {isa = PBXFileReference; fileEncoding = 4; lastKnownFileType = sourcecode.swift; path = BitGenotype.swift; sourceTree = "<group>"; };
/* End PBXFileReference section */

/* Begin PBXFrameworksBuildPhase section */
		20473FBE1B4BF385000091AC /* Frameworks */ = {
			isa = PBXFrameworksBuildPhase;
			buildActionMask = 2147483647;
			files = (
			);
			runOnlyForDeploymentPostprocessing = 0;
		};
		20473FCA1B4BF385000091AC /* Frameworks */ = {
			isa = PBXFrameworksBuildPhase;
			buildActionMask = 2147483647;
			files = (
				20473FCE1B4BF385000091AC /* Jellyfish.framework in Frameworks */,
			);
			runOnlyForDeploymentPostprocessing = 0;
		};
/* End PBXFrameworksBuildPhase section */

/* Begin PBXGroup section */
		20473FB81B4BF385000091AC = {
			isa = PBXGroup;
			children = (
				20473FC41B4BF385000091AC /* Jellyfish */,
				20473FD11B4BF385000091AC /* JellyfishTests */,
				20473FC31B4BF385000091AC /* Products */,
			);
			sourceTree = "<group>";
		};
		20473FC31B4BF385000091AC /* Products */ = {
			isa = PBXGroup;
			children = (
				20473FC21B4BF385000091AC /* Jellyfish.framework */,
				20473FCD1B4BF385000091AC /* JellyfishTests.xctest */,
			);
			name = Products;
			sourceTree = "<group>";
		};
		20473FC41B4BF385000091AC /* Jellyfish */ = {
			isa = PBXGroup;
			children = (
				20473FC71B4BF385000091AC /* Jellyfish.h */,
				20473FE01B4BF3FE000091AC /* Fenotype.swift */,
				2081D4A91B55220C0081627D /* FitnessFunction.swift */,
				2081D4A71B551CA20081627D /* Genotype.swift */,
				20FA19401B56900C007BECD8 /* BitGenotype.swift */,
				20CCA0DE1B6B79CE009BEC3A /* SelectionMethod.swift */,
				20CCA0E01B6B7AE0009BEC3A /* RouletteSelectionMethod.swift */,
				200D0E861B550E6F00C0C276 /* Simulation.swift */,
				20473FC51B4BF385000091AC /* Supporting Files */,
			);
			path = Jellyfish;
			sourceTree = "<group>";
		};
		20473FC51B4BF385000091AC /* Supporting Files */ = {
			isa = PBXGroup;
			children = (
				20473FC61B4BF385000091AC /* Info.plist */,
			);
			name = "Supporting Files";
			sourceTree = "<group>";
		};
		20473FD11B4BF385000091AC /* JellyfishTests */ = {
			isa = PBXGroup;
			children = (
				20473FD41B4BF385000091AC /* JellyfishTests.swift */,
				20473FD21B4BF385000091AC /* Supporting Files */,
			);
			path = JellyfishTests;
			sourceTree = "<group>";
		};
		20473FD21B4BF385000091AC /* Supporting Files */ = {
			isa = PBXGroup;
			children = (
				20473FD31B4BF385000091AC /* Info.plist */,
			);
			name = "Supporting Files";
			sourceTree = "<group>";
		};
/* End PBXGroup section */

/* Begin PBXHeadersBuildPhase section */
		20473FBF1B4BF385000091AC /* Headers */ = {
			isa = PBXHeadersBuildPhase;
			buildActionMask = 2147483647;
			files = (
				20473FC81B4BF385000091AC /* Jellyfish.h in Headers */,
				20473FE21B4BF41D000091AC /* Fenotype.swift in Headers */,
				20FA19441B5695C9007BECD8 /* FitnessFunction.swift in Headers */,
				20FA19421B5695BA007BECD8 /* Genotype.swift in Headers */,
				20FA19431B5695BE007BECD8 /* BitGenotype.swift in Headers */,
				2081D4A61B551A0E0081627D /* Simulation.swift in Headers */,
			);
			runOnlyForDeploymentPostprocessing = 0;
		};
/* End PBXHeadersBuildPhase section */

/* Begin PBXNativeTarget section */
		20473FC11B4BF385000091AC /* Jellyfish */ = {
			isa = PBXNativeTarget;
			buildConfigurationList = 20473FD81B4BF385000091AC /* Build configuration list for PBXNativeTarget "Jellyfish" */;
			buildPhases = (
				20473FBD1B4BF385000091AC /* Sources */,
				20473FBE1B4BF385000091AC /* Frameworks */,
				20473FBF1B4BF385000091AC /* Headers */,
				20473FC01B4BF385000091AC /* Resources */,
			);
			buildRules = (
			);
			dependencies = (
			);
			name = Jellyfish;
			productName = Jellyfish;
			productReference = 20473FC21B4BF385000091AC /* Jellyfish.framework */;
			productType = "com.apple.product-type.framework";
		};
		20473FCC1B4BF385000091AC /* JellyfishTests */ = {
			isa = PBXNativeTarget;
			buildConfigurationList = 20473FDB1B4BF385000091AC /* Build configuration list for PBXNativeTarget "JellyfishTests" */;
			buildPhases = (
				20473FC91B4BF385000091AC /* Sources */,
				20473FCA1B4BF385000091AC /* Frameworks */,
				20473FCB1B4BF385000091AC /* Resources */,
			);
			buildRules = (
			);
			dependencies = (
				20473FD01B4BF385000091AC /* PBXTargetDependency */,
			);
			name = JellyfishTests;
			productName = JellyfishTests;
			productReference = 20473FCD1B4BF385000091AC /* JellyfishTests.xctest */;
			productType = "com.apple.product-type.bundle.unit-test";
		};
/* End PBXNativeTarget section */

/* Begin PBXProject section */
		20473FB91B4BF385000091AC /* Project object */ = {
			isa = PBXProject;
			attributes = {
				LastSwiftUpdateCheck = 0700;
				LastUpgradeCheck = 0640;
				ORGANIZATIONNAME = "Krzysztof Cieplucha";
				TargetAttributes = {
					20473FC11B4BF385000091AC = {
						CreatedOnToolsVersion = 6.4;
					};
					20473FCC1B4BF385000091AC = {
						CreatedOnToolsVersion = 6.4;
					};
				};
			};
			buildConfigurationList = 20473FBC1B4BF385000091AC /* Build configuration list for PBXProject "Jellyfish" */;
			compatibilityVersion = "Xcode 3.2";
			developmentRegion = English;
			hasScannedForEncodings = 0;
			knownRegions = (
				en,
			);
			mainGroup = 20473FB81B4BF385000091AC;
			productRefGroup = 20473FC31B4BF385000091AC /* Products */;
			projectDirPath = "";
			projectRoot = "";
			targets = (
				20473FC11B4BF385000091AC /* Jellyfish */,
				20473FCC1B4BF385000091AC /* JellyfishTests */,
			);
		};
/* End PBXProject section */

/* Begin PBXResourcesBuildPhase section */
		20473FC01B4BF385000091AC /* Resources */ = {
			isa = PBXResourcesBuildPhase;
			buildActionMask = 2147483647;
			files = (
			);
			runOnlyForDeploymentPostprocessing = 0;
		};
		20473FCB1B4BF385000091AC /* Resources */ = {
			isa = PBXResourcesBuildPhase;
			buildActionMask = 2147483647;
			files = (
			);
			runOnlyForDeploymentPostprocessing = 0;
		};
/* End PBXResourcesBuildPhase section */

/* Begin PBXSourcesBuildPhase section */
		20473FBD1B4BF385000091AC /* Sources */ = {
			isa = PBXSourcesBuildPhase;
			buildActionMask = 2147483647;
			files = (
				20FA19411B56900C007BECD8 /* BitGenotype.swift in Sources */,
				200D0E871B550E6F00C0C276 /* Simulation.swift in Sources */,
				2081D4A81B551CA20081627D /* Genotype.swift in Sources */,
				20CCA0E11B6B7AE0009BEC3A /* RouletteSelectionMethod.swift in Sources */,
				2081D4AA1B55220C0081627D /* FitnessFunction.swift in Sources */,
				20473FE11B4BF3FE000091AC /* Fenotype.swift in Sources */,
				20CCA0DF1B6B79CE009BEC3A /* SelectionMethod.swift in Sources */,
			);
			runOnlyForDeploymentPostprocessing = 0;
		};
		20473FC91B4BF385000091AC /* Sources */ = {
			isa = PBXSourcesBuildPhase;
			buildActionMask = 2147483647;
			files = (
				20473FD51B4BF385000091AC /* JellyfishTests.swift in Sources */,
			);
			runOnlyForDeploymentPostprocessing = 0;
		};
/* End PBXSourcesBuildPhase section */

/* Begin PBXTargetDependency section */
		20473FD01B4BF385000091AC /* PBXTargetDependency */ = {
			isa = PBXTargetDependency;
			target = 20473FC11B4BF385000091AC /* Jellyfish */;
			targetProxy = 20473FCF1B4BF385000091AC /* PBXContainerItemProxy */;
		};
/* End PBXTargetDependency section */

/* Begin XCBuildConfiguration section */
		20473FD61B4BF385000091AC /* Debug */ = {
			isa = XCBuildConfiguration;
			buildSettings = {
				ALWAYS_SEARCH_USER_PATHS = NO;
				CLANG_CXX_LANGUAGE_STANDARD = "gnu++0x";
				CLANG_CXX_LIBRARY = "libc++";
				CLANG_ENABLE_MODULES = YES;
				CLANG_ENABLE_OBJC_ARC = YES;
				CLANG_WARN_BOOL_CONVERSION = YES;
				CLANG_WARN_CONSTANT_CONVERSION = YES;
				CLANG_WARN_DIRECT_OBJC_ISA_USAGE = YES_ERROR;
				CLANG_WARN_EMPTY_BODY = YES;
				CLANG_WARN_ENUM_CONVERSION = YES;
				CLANG_WARN_INT_CONVERSION = YES;
				CLANG_WARN_OBJC_ROOT_CLASS = YES_ERROR;
				CLANG_WARN_UNREACHABLE_CODE = YES;
				CLANG_WARN__DUPLICATE_METHOD_MATCH = YES;
				"CODE_SIGN_IDENTITY[sdk=iphoneos*]" = "iPhone Developer";
				COPY_PHASE_STRIP = NO;
				CURRENT_PROJECT_VERSION = 1;
				DEBUG_INFORMATION_FORMAT = "dwarf-with-dsym";
				ENABLE_STRICT_OBJC_MSGSEND = YES;
				GCC_C_LANGUAGE_STANDARD = gnu99;
				GCC_DYNAMIC_NO_PIC = NO;
				GCC_NO_COMMON_BLOCKS = YES;
				GCC_OPTIMIZATION_LEVEL = 0;
				GCC_PREPROCESSOR_DEFINITIONS = (
					"DEBUG=1",
					"$(inherited)",
				);
				GCC_SYMBOLS_PRIVATE_EXTERN = NO;
				GCC_WARN_64_TO_32_BIT_CONVERSION = YES;
				GCC_WARN_ABOUT_RETURN_TYPE = YES_ERROR;
				GCC_WARN_UNDECLARED_SELECTOR = YES;
				GCC_WARN_UNINITIALIZED_AUTOS = YES_AGGRESSIVE;
				GCC_WARN_UNUSED_FUNCTION = YES;
				GCC_WARN_UNUSED_VARIABLE = YES;
				IPHONEOS_DEPLOYMENT_TARGET = 8.4;
				MTL_ENABLE_DEBUG_INFO = YES;
				ONLY_ACTIVE_ARCH = YES;
				SDKROOT = iphoneos;
				SWIFT_OPTIMIZATION_LEVEL = "-Onone";
				TARGETED_DEVICE_FAMILY = "1,2";
				VERSIONING_SYSTEM = "apple-generic";
				VERSION_INFO_PREFIX = "";
			};
			name = Debug;
		};
		20473FD71B4BF385000091AC /* Release */ = {
			isa = XCBuildConfiguration;
			buildSettings = {
				ALWAYS_SEARCH_USER_PATHS = NO;
				CLANG_CXX_LANGUAGE_STANDARD = "gnu++0x";
				CLANG_CXX_LIBRARY = "libc++";
				CLANG_ENABLE_MODULES = YES;
				CLANG_ENABLE_OBJC_ARC = YES;
				CLANG_WARN_BOOL_CONVERSION = YES;
				CLANG_WARN_CONSTANT_CONVERSION = YES;
				CLANG_WARN_DIRECT_OBJC_ISA_USAGE = YES_ERROR;
				CLANG_WARN_EMPTY_BODY = YES;
				CLANG_WARN_ENUM_CONVERSION = YES;
				CLANG_WARN_INT_CONVERSION = YES;
				CLANG_WARN_OBJC_ROOT_CLASS = YES_ERROR;
				CLANG_WARN_UNREACHABLE_CODE = YES;
				CLANG_WARN__DUPLICATE_METHOD_MATCH = YES;
				"CODE_SIGN_IDENTITY[sdk=iphoneos*]" = "iPhone Developer";
				COPY_PHASE_STRIP = NO;
				CURRENT_PROJECT_VERSION = 1;
				DEBUG_INFORMATION_FORMAT = "dwarf-with-dsym";
				ENABLE_NS_ASSERTIONS = NO;
				ENABLE_STRICT_OBJC_MSGSEND = YES;
				GCC_C_LANGUAGE_STANDARD = gnu99;
				GCC_NO_COMMON_BLOCKS = YES;
				GCC_WARN_64_TO_32_BIT_CONVERSION = YES;
				GCC_WARN_ABOUT_RETURN_TYPE = YES_ERROR;
				GCC_WARN_UNDECLARED_SELECTOR = YES;
				GCC_WARN_UNINITIALIZED_AUTOS = YES_AGGRESSIVE;
				GCC_WARN_UNUSED_FUNCTION = YES;
				GCC_WARN_UNUSED_VARIABLE = YES;
				IPHONEOS_DEPLOYMENT_TARGET = 8.4;
				MTL_ENABLE_DEBUG_INFO = NO;
				SDKROOT = iphoneos;
				TARGETED_DEVICE_FAMILY = "1,2";
				VALIDATE_PRODUCT = YES;
				VERSIONING_SYSTEM = "apple-generic";
				VERSION_INFO_PREFIX = "";
			};
			name = Release;
		};
		20473FD91B4BF385000091AC /* Debug */ = {
			isa = XCBuildConfiguration;
			buildSettings = {
				CLANG_ENABLE_MODULES = YES;
				DEFINES_MODULE = YES;
				DYLIB_COMPATIBILITY_VERSION = 1;
				DYLIB_CURRENT_VERSION = 1;
				DYLIB_INSTALL_NAME_BASE = "@rpath";
				INFOPLIST_FILE = Jellyfish/Info.plist;
				INSTALL_PATH = "$(LOCAL_LIBRARY_DIR)/Frameworks";
				LD_RUNPATH_SEARCH_PATHS = "$(inherited) @executable_path/Frameworks @loader_path/Frameworks";
				PRODUCT_NAME = "$(TARGET_NAME)";
				SKIP_INSTALL = YES;
				SWIFT_OPTIMIZATION_LEVEL = "-Onone";
			};
			name = Debug;
		};
		20473FDA1B4BF385000091AC /* Release */ = {
			isa = XCBuildConfiguration;
			buildSettings = {
				CLANG_ENABLE_MODULES = YES;
				DEFINES_MODULE = YES;
				DYLIB_COMPATIBILITY_VERSION = 1;
				DYLIB_CURRENT_VERSION = 1;
				DYLIB_INSTALL_NAME_BASE = "@rpath";
				INFOPLIST_FILE = Jellyfish/Info.plist;
				INSTALL_PATH = "$(LOCAL_LIBRARY_DIR)/Frameworks";
				LD_RUNPATH_SEARCH_PATHS = "$(inherited) @executable_path/Frameworks @loader_path/Frameworks";
				PRODUCT_NAME = "$(TARGET_NAME)";
				SKIP_INSTALL = YES;
			};
			name = Release;
		};
		20473FDC1B4BF385000091AC /* Debug */ = {
			isa = XCBuildConfiguration;
			buildSettings = {
				FRAMEWORK_SEARCH_PATHS = (
					"$(SDKROOT)/Developer/Library/Frameworks",
					"$(inherited)",
				);
				GCC_PREPROCESSOR_DEFINITIONS = (
					"DEBUG=1",
					"$(inherited)",
				);
				INFOPLIST_FILE = JellyfishTests/Info.plist;
				LD_RUNPATH_SEARCH_PATHS = "$(inherited) @executable_path/Frameworks @loader_path/Frameworks";
				PRODUCT_NAME = "$(TARGET_NAME)";
			};
			name = Debug;
		};
		20473FDD1B4BF385000091AC /* Release */ = {
			isa = XCBuildConfiguration;
			buildSettings = {
				FRAMEWORK_SEARCH_PATHS = (
					"$(SDKROOT)/Developer/Library/Frameworks",
					"$(inherited)",
				);
				INFOPLIST_FILE = JellyfishTests/Info.plist;
				LD_RUNPATH_SEARCH_PATHS = "$(inherited) @executable_path/Frameworks @loader_path/Frameworks";
				PRODUCT_NAME = "$(TARGET_NAME)";
			};
			name = Release;
		};
/* End XCBuildConfiguration section */

/* Begin XCConfigurationList section */
		20473FBC1B4BF385000091AC /* Build configuration list for PBXProject "Jellyfish" */ = {
			isa = XCConfigurationList;
			buildConfigurations = (
				20473FD61B4BF385000091AC /* Debug */,
				20473FD71B4BF385000091AC /* Release */,
			);
			defaultConfigurationIsVisible = 0;
			defaultConfigurationName = Release;
		};
		20473FD81B4BF385000091AC /* Build configuration list for PBXNativeTarget "Jellyfish" */ = {
			isa = XCConfigurationList;
			buildConfigurations = (
				20473FD91B4BF385000091AC /* Debug */,
				20473FDA1B4BF385000091AC /* Release */,
			);
			defaultConfigurationIsVisible = 0;
			defaultConfigurationName = Release;
		};
		20473FDB1B4BF385000091AC /* Build configuration list for PBXNativeTarget "JellyfishTests" */ = {
			isa = XCConfigurationList;
			buildConfigurations = (
				20473FDC1B4BF385000091AC /* Debug */,
				20473FDD1B4BF385000091AC /* Release */,
			);
			defaultConfigurationIsVisible = 0;
			defaultConfigurationName = Release;
		};
/* End XCConfigurationList section */
	};
	rootObject = 20473FB91B4BF385000091AC /* Project object */;
}
